github.com/agext/levenshtein v1.2.3 h1:YB2fHEn0UJagG8T1rrWknE3ZQzWM06O8AMAatNn7lmo=
github.com/agext/levenshtein v1.2.3/go.mod h1:JEDfjyjHDjOF/1e4FlBE/PkbqA9OfWu2ki2W0IB5558=
github.com/apparentlymart/go-textseg/v15 v15.0.0 h1:uYvfpb3DyLSCGWnctWKGj857c6ew1u1fNQOlOtuGxQY=
github.com/apparentlymart/go-textseg/v15 v15.0.0/go.mod h1:K8XmNZdhEBkdlyDdvbmmsvpAG721bKi0joRfFdHIWJ4=
github.com/aws/aws-sdk-go-v2 v1.41.5 h1:dj5kopbwUsVUVFgO4Fi5BIT3t4WyqIDjGKCangnV/yY=
github.com/aws/aws-sdk-go-v2 v1.41.5/go.mod h1:mwsPRE8ceUUpiTgF7QmQIJ7lgsKUPQOUl3o72QBrE1o=
github.com/aws/aws-sdk-go-v2/aws/protocol/eventstream v1.7.8 h1:eBMB84YGghSocM7PsjmmPffTa+1FBUeNvGvFou6V/4o=
github.com/aws/aws-sdk-go-v2/aws/protocol/eventstream v1.7.8/go.mod h1:lyw7GFp3qENLh7kwzf7iMzAxDn+NzjXEAGjKS2UOKqI=
github.com/aws/aws-sdk-go-v2/config v1.32.12 h1:O3csC7HUGn2895eNrLytOJQdoL2xyJy0iYXhoZ1OmP0=
github.com/aws/aws-sdk-go-v2/config v1.32.12/go.mod h1:96zTvoOFR4FURjI+/5wY1vc1ABceROO4lWgWJuxgy0g=
github.com/aws/aws-sdk-go-v2/credentials v1.19.12 h1:oqtA6v+y5fZg//tcTWahyN9PEn5eDU/Wpvc2+kJ4aY8=
github.com/aws/aws-sdk-go-v2/credentials v1.19.12/go.mod h1:U3R1RtSHx6NB0DvEQFGyf/0sbrpJrluENHdPy1j/3TE=
github.com/aws/aws-sdk-go-v2/feature/ec2/imds v1.18.20 h1:zOgq3uezl5nznfoK3ODuqbhVg1JzAGDUhXOsU0IDCAo=
github.com/aws/aws-sdk-go-v2/feature/ec2/imds v1.18.20/go.mod h1:z/MVwUARehy6GAg/yQ1GO2IMl0k++cu1ohP9zo887wE=
github.com/aws/aws-sdk-go-v2/internal/configsources v1.4.21 h1:Rgg6wvjjtX8bNHcvi9OnXWwcE0a2vGpbwmtICOsvcf4=
github.com/aws/aws-sdk-go-v2/internal/configsources v1.4.21/go.mod h1:A/kJFst/nm//cyqonihbdpQZwiUhhzpqTsdbhDdRF9c=
github.com/aws/aws-sdk-go-v2/internal/endpoints/v2 v2.7.21 h1:PEgGVtPoB6NTpPrBgqSE5hE/o47Ij9qk/SEZFbUOe9A=
github.com/aws/aws-sdk-go-v2/internal/endpoints/v2 v2.7.21/go.mod h1:p+hz+PRAYlY3zcpJhPwXlLC4C+kqn70WIHwnzAfs6ps=
github.com/aws/aws-sdk-go-v2/internal/ini v1.8.6 h1:qYQ4pzQ2Oz6WpQ8T3HvGHnZydA72MnLuFK9tJwmrbHw=
github.com/aws/aws-sdk-go-v2/internal/ini v1.8.6/go.mod h1:O3h0IK87yXci+kg6flUKzJnWeziQUKciKrLjcatSNcY=
github.com/aws/aws-sdk-go-v2/internal/v4a v1.4.21 h1:SwGMTMLIlvDNyhMteQ6r8IJSBPlRdXX5d4idhIGbkXA=
github.com/aws/aws-sdk-go-v2/internal/v4a v1.4.21/go.mod h1:UUxgWxofmOdAMuqEsSppbDtGKLfR04HGsD0HXzvhI1k=
github.com/aws/aws-sdk-go-v2/service/cloudwatchlogs v1.62.2 h1:U7ATBzpyD+A3IxzwKUL+meioIs3HO+/eyxghGTy6bkY=
github.com/aws/aws-sdk-go-v2/service/cloudwatchlogs v1.62.2/go.mod h1:ESQxVIp7hs1MdsdEF4KITf65SfM3fh/EEiYi+s0S/pE=
github.com/aws/aws-sdk-go-v2/service/ec2 v1.289.1 h1:wcrNo0Fn5z1CvdyiZ9ep+JWrCFg8ImRFSf1mcxJnx6w=
github.com/aws/aws-sdk-go-v2/service/ec2 v1.289.1/go.mod h1:Uy+C+Sc58jozdoL1McQr8bDsEvNFx+/nBY+vpO1HVUY=
github.com/aws/aws-sdk-go-v2/service/ecs v1.76.0 h1:a5G/TgJNrpuCjZBTf8/PTN0C2B0do/ylaYVynxPSbUQ=
github.com/aws/aws-sdk-go-v2/service/ecs v1.76.0/go.mod h1:QkWmubOYmjj3cHn7A4CoUU7BKJhVeo39Gp6NH7IyhZw=
github.com/aws/aws-sdk-go-v2/service/iam v1.52.3 h1:fwmGd1qLfbY1GyTT9yrM2p5a4qcUvJfiSynyq0nVBLE=
github.com/aws/aws-sdk-go-v2/service/iam v1.52.3/go.mod h1:9BlDzJDOLnYbPlbowGir6MqtQtb4GosbiAikWHqR4A0=
github.com/aws/aws-sdk-go-v2/service/internal/accept-encoding v1.13.7 h1:5EniKhLZe4xzL7a+fU3C2tfUN4nWIqlLesfrjkuPFTY=
github.com/aws/aws-sdk-go-v2/service/internal/accept-encoding v1.13.7/go.mod h1:x0nZssQ3qZSnIcePWLvcoFisRXJzcTVvYpAAdYX8+GI=
github.com/aws/aws-sdk-go-v2/service/internal/checksum v1.9.12 h1:qtJZ70afD3ISKWnoX3xB0J2otEqu3LqicRcDBqsj0hQ=
github.com/aws/aws-sdk-go-v2/service/internal/checksum v1.9.12/go.mod h1:v2pNpJbRNl4vEUWEh5ytQok0zACAKfdmKS51Hotc3pQ=
github.com/aws/aws-sdk-go-v2/service/internal/presigned-url v1.13.20 h1:2HvVAIq+YqgGotK6EkMf+KIEqTISmTYh5zLpYyeTo1Y=
github.com/aws/aws-sdk-go-v2/service/internal/presigned-url v1.13.20/go.mod h1:V4X406Y666khGa8ghKmphma/7C0DAtEQYhkq9z4vpbk=
github.com/aws/aws-sdk-go-v2/service/internal/s3shared v1.19.20 h1:siU1A6xjUZ2N8zjTHSXFhB9L/2OY8Dqs0xXiLjF30jA=
github.com/aws/aws-sdk-go-v2/service/internal/s3shared v1.19.20/go.mod h1:4TLZCmVJDM3FOu5P5TJP0zOlu9zWgDWU7aUxWbr+rcw=
github.com/aws/aws-sdk-go-v2/service/resourcegroupstaggingapi v1.31.6 h1:gd7YMnFZQGdy4lERF9ffz9kbc6K/IPhCu5CrJDJr8XY=
github.com/aws/aws-sdk-go-v2/service/resourcegroupstaggingapi v1.31.6/go.mod h1:lnTv81am9e2C2SjX3VKyUrKEzDADD9lKST9ou96UBoY=
github.com/aws/aws-sdk-go-v2/service/s3 v1.97.2 h1:MRNiP6nqa20aEl8fQ6PJpEq11b2d40b16sm4WD7QgMU=
github.com/aws/aws-sdk-go-v2/service/s3 v1.97.2/go.mod h1:FrNA56srbsr3WShiaelyWYEo70x80mXnVZ17ZZfbeqg=
github.com/aws/aws-sdk-go-v2/service/secretsmanager v1.41.3 h1:9bb0dEq1WzA0ZxIGG2EmwEgxfMAJpHyusxwbVN7f6iM=
github.com/aws/aws-sdk-go-v2/service/secretsmanager v1.41.3/go.mod h1:2z9eg35jfuRtdPE4Ci0ousrOU9PBhDBilXA1cwq9Ptk=
github.com/aws/aws-sdk-go-v2/service/signin v1.0.8 h1:0GFOLzEbOyZABS3PhYfBIx2rNBACYcKty+XGkTgw1ow=
github.com/aws/aws-sdk-go-v2/service/signin v1.0.8/go.mod h1:LXypKvk85AROkKhOG6/YEcHFPoX+prKTowKnVdcaIxE=
github.com/aws/aws-sdk-go-v2/service/ssm v1.67.5 h1:YKGgwB1rye0JpV10Bfma3cZdQzX61j2HPWQw+YxWvrQ=
github.com/aws/aws-sdk-go-v2/service/ssm v1.67.5/go.mod h1:eBDSa0vuYB0lalpNxavIw80Q4Ksy08bhHHbT0aWa4tE=
github.com/aws/aws-sdk-go-v2/service/sso v1.30.13 h1:kiIDLZ005EcKomYYITtfsjn7dtOwHDOFy7IbPXKek2o=
github.com/aws/aws-sdk-go-v2/service/sso v1.30.13/go.mod h1:2h/xGEowcW/g38g06g3KpRWDlT+OTfxxI0o1KqayAB8=
github.com/aws/aws-sdk-go-v2/service/ssooidc v1.35.17 h1:jzKAXIlhZhJbnYwHbvUQZEB8KfgAEuG0dc08Bkda7NU=
github.com/aws/aws-sdk-go-v2/service/ssooidc v1.35.17/go.mod h1:Al9fFsXjv4KfbzQHGe6V4NZSZQXecFcvaIF4e70FoRA=
github.com/aws/aws-sdk-go-v2/service/sts v1.41.9 h1:Cng+OOwCHmFljXIxpEVXAGMnBia8MSU6Ch5i9PgBkcU=
github.com/aws/aws-sdk-go-v2/service/sts v1.41.9/go.mod h1:LrlIndBDdjA/EeXeyNBle+gyCwTlizzW5ycgWnvIxkk=
github.com/aws/smithy-go v1.24.2 h1:FzA3bu/nt/vDvmnkg+R8Xl46gmzEDam6mZ1hzmwXFng=
github.com/aws/smithy-go v1.24.2/go.mod h1:YE2RhdIuDbA5E5bTdciG9KrW3+TiEONeUWCqxX9i1Fc=
github.com/bgentry/go-netrc v0.0.0-20140422174119-9fd32a8b3d3d h1:xDfNPAt8lFiC1UJrqV3uuy861HCTo708pDMbjHHdCas=
github.com/bgentry/go-netrc v0.0.0-20140422174119-9fd32a8b3d3d/go.mod h1:6QX/PXZ00z/TKoufEY6K/a0k6AhaJrQKdFe6OfVXsa4=
github.com/bradleyfalzon/ghinstallation/v2 v2.17.0 h1:SmbUK/GxpAspRjSQbB6ARvH+ArzlNzTtHydNyXUQ6zg=
github.com/bradleyfalzon/ghinstallation/v2 v2.17.0/go.mod h1:vuD/xvJT9Y+ZVZRv4HQ42cMyPFIYqpc7AbB4Gvt/DlY=
github.com/creack/pty v1.1.9/go.mod h1:oKZEueFk5CKHvIhNR5MUki03XCEU+Q6VDXinZuGJ33E=
github.com/davecgh/go-spew v1.1.1 h1:vj9j/u1bqnvCEfJOwUhtlOARqs3+rkHYY13jYWTU97c=
github.com/davecgh/go-spew v1.1.1/go.mod h1:J7Y8YcW2NihsgmVo/mv3lAwl/skON4iLHjSsI+c5H38=
github.com/go-test/deep v1.0.7 h1:/VSMRlnY/JSyqxQUzQLKVMAskpY/NZKFA5j2P+0pP2M=
github.com/go-test/deep v1.0.7/go.mod h1:QV8Hv/iy04NyLBxAdO9njL0iVPN1S4d/A3NVv1V36o8=
github.com/golang-jwt/jwt/v4 v4.5.2 h1:YtQM7lnr8iZ+j5q71MGKkNw9Mn7AjHM68uc9g5fXeUI=
github.com/golang-jwt/jwt/v4 v4.5.2/go.mod h1:m21LjoU+eqJr34lmDMbreY2eSTRJ1cv77w39/MY0Ch0=
github.com/google/go-cmp v0.6.0/go.mod h1:17dUlkBOakJ0+DkrSSNjCkIjxS6bF9zb3elmeNGIjoY=
github.com/google/go-cmp v0.7.0 h1:wk8382ETsv4JYUZwIsn6YpYiWiBsYLSJiTsyBybVuN8=
github.com/google/go-cmp v0.7.0/go.mod h1:pXiqmnSA92OHEEa9HXL2W4E7lf9JzCmGVUdgjX3N/iU=
github.com/google/go-github/v75 v75.0.0 h1:k7q8Bvg+W5KxRl9Tjq16a9XEgVY1pwuiG5sIL7435Ic=
github.com/google/go-github/v75 v75.0.0/go.mod h1:H3LUJEA1TCrzuUqtdAQniBNwuKiQIqdGKgBo1/M/uqI=
github.com/google/go-github/v84 v84.0.0 h1:I/0Xn5IuChMe8TdmI2bbim5nyhaRFJ7DEdzmD2w+yVA=
github.com/google/go-github/v84 v84.0.0/go.mod h1:WwYL1z1ajRdlaPszjVu/47x1L0PXukJBn73xsiYrRRQ=
github.com/google/go-querystring v1.2.0 h1:yhqkPbu2/OH+V9BfpCVPZkNmUXhb2gBxJArfhIxNtP0=
github.com/google/go-querystring v1.2.0/go.mod h1:8IFJqpSRITyJ8QhQ13bmbeMBDfmeEJZD5A0egEOmkqU=
github.com/gruntwork-io/terratest v0.54.0 h1:JOVATYDpU0NAPbEkgYUP50BR2m45UGiR4dbs20sKzck=
github.com/gruntwork-io/terratest v0.54.0/go.mod h1:QvwQWZMTJmJB4E0d1Uc18quQm7+X53liKKp+fJSuaKA=
github.com/hashicorp/errwrap v1.0.0 h1:hLrqtEDnRye3+sgx6z4qVLNuviH3MR5aQ0ykNJa/UYA=
github.com/hashicorp/errwrap v1.0.0/go.mod h1:YH+1FKiLXxHSkmPseP+kNlulaMuP3n2brvKWEqk/Jc4=
github.com/hashicorp/go-cleanhttp v0.5.2 h1:035FKYIWjmULyFRBKPs8TBQoi0x6d9G4xc9neXJWAZQ=
github.com/hashicorp/go-cleanhttp v0.5.2/go.mod h1:kO/YDlP8L1346E6Sodw+PrpBSV4/SoxCXGY6BqNFT48=
github.com/hashicorp/go-getter/v2 v2.2.3 h1:6CVzhT0KJQHqd9b0pK3xSP0CM/Cv+bVhk+jcaRJ2pGk=
github.com/hashicorp/go-getter/v2 v2.2.3/go.mod h1:hp5Yy0GMQvwWVUmwLs3ygivz1JSLI323hdIE9J9m7TY=
github.com/hashicorp/go-multierror v1.1.1 h1:H5DkEtf6CXdFp0N0Em5UCwQpXMWke8IA0+lD48awMYo=
github.com/hashicorp/go-multierror v1.1.1/go.mod h1:iw975J/qwKPdAO1clOe2L8331t/9/fmwbPZ6JB6eMoM=
github.com/hashicorp/go-safetemp v1.0.0 h1:2HR189eFNrjHQyENnQMMpCiBAsRxzbTMIgBhEyExpmo=
github.com/hashicorp/go-safetemp v1.0.0/go.mod h1:oaerMy3BhqiTbVye6QuFhFtIceqFoDHxNAB65b+Rj1I=
github.com/hashicorp/go-version v1.8.0 h1:KAkNb1HAiZd1ukkxDFGmokVZe1Xy9HG6NUp+bPle2i4=
github.com/hashicorp/go-version v1.8.0/go.mod h1:fltr4n8CU8Ke44wwGCBoEymUuxUHl09ZGVZPK5anwXA=
github.com/hashicorp/hcl/v2 v2.22.0 h1:hkZ3nCtqeJsDhPRFz5EA9iwcG1hNWGePOTw6oyul12M=
github.com/hashicorp/hcl/v2 v2.22.0/go.mod h1:62ZYHrXgPoX8xBnzl8QzbWq4dyDsDtfCRgIq1rbJEvA=
github.com/hashicorp/terraform-json v0.23.0 h1:sniCkExU4iKtTADReHzACkk8fnpQXrdD2xoR+lppBkI=
github.com/hashicorp/terraform-json v0.23.0/go.mod h1:MHdXbBAbSg0GvzuWazEGKAn/cyNfIB7mN6y7KJN6y2c=
github.com/jinzhu/copier v0.0.0-20190924061706-b57f9002281a h1:zPPuIq2jAWWPTrGt70eK/BSch+gFAGrNzecsoENgu2o=
github.com/jinzhu/copier v0.0.0-20190924061706-b57f9002281a/go.mod h1:yL958EeXv8Ylng6IfnvG4oflryUi3vgA3xPs9hmII1s=
github.com/joho/godotenv v1.5.1 h1:7eLL/+HRGLY0ldzfGMeQkb7vMd0as4CfYvUVzLqw0N0=
github.com/joho/godotenv v1.5.1/go.mod h1:f4LDr5Voq0i2e/R5DDNOoa2zzDfwtkZa6DnEwAbqwq4=
github.com/klauspost/compress v1.18.0 h1:c/Cqfb0r+Yi+JtIEq73FWXVkRonBlf0CRNYc8Zttxdo=
github.com/klauspost/compress v1.18.0/go.mod h1:2Pp+KzxcywXVXMr50+X0Q/Lsb43OQHYWRCY2AiWywWQ=
github.com/kr/pretty v0.2.1/go.mod h1:ipq/a2n7PKx3OHsz4KJII5eveXtPO4qwEXGdVfWzfnI=
github.com/kr/pretty v0.3.1 h1:flRD4NNwYAUpkphVc1HcthR4KEIFJ65n8Mw5qdRn3LE=
github.com/kr/pretty v0.3.1/go.mod h1:hoEshYVHaxMs3cyo3Yncou5ZscifuDolrwPKZanG3xk=
github.com/kr/pty v1.1.1/go.mod h1:pFQYn66WHrOpPYNljwOMqo10TkYh1fy3cYio2l3bCsQ=
github.com/kr/text v0.1.0/go.mod h1:4Jbv+DJW3UT/LiOwJeYQe1efqtUx/iVham/4vfdArNI=
github.com/kr/text v0.2.0 h1:5Nx0Ya0ZqY2ygV366QzturHI13Jq95ApcVaJBhpS+AY=
github.com/kr/text v0.2.0/go.mod h1:eLer722TekiGuMkidMxC/pM04lWEeraHUUmBw8l2grE=
github.com/mattn/go-zglob v0.0.2-0.20190814121620-e3c945676326 h1:ofNAzWCcyTALn2Zv40+8XitdzCgXY6e9qvXwN9W0YXg=
github.com/mattn/go-zglob v0.0.2-0.20190814121620-e3c945676326/go.mod h1:9fxibJccNxU2cnpIKLRRFA7zX7qhkJIQWBb449FYHOo=
github.com/mitchellh/go-homedir v1.1.0 h1:lukF9ziXFxDFPkA1vsr5zpc1XuPDn/wFntq5mG+4E0Y=
github.com/mitchellh/go-homedir v1.1.0/go.mod h1:SfyaCUpYCn1Vlf4IUYiD9fPX4A5wJrkLzIz1N1q0pr0=
github.com/mitchellh/go-testing-interface v1.14.1 h1:jrgshOhYAUVNMAJiKbEu7EqAwgJJ2JqpQmpLJOu07cU=
github.com/mitchellh/go-testing-interface v1.14.1/go.mod h1:gfgS7OtZj6MA4U1UrDRp04twqAjfvlZyCfX3sDjEym8=
github.com/mitchellh/go-wordwrap v1.0.1 h1:TLuKupo69TCn6TQSyGxwI1EblZZEsQ0vMlAFQflz0v0=
github.com/mitchellh/go-wordwrap v1.0.1/go.mod h1:R62XHJLzvMFRBbcrT7m7WgmE1eOyTSsCt+hzestvNj0=
github.com/pkg/diff v0.0.0-20210226163009-20ebb0f2a09e/go.mod h1:pJLUxLENpZxwdsKMEsNbx1VGcRFpLqf3715MtcvvzbA=
github.com/pmezard/go-difflib v1.0.0 h1:4DBwDE0NGyQoBHbLQYPwSUPoCMWR5BEzIk/f1lZbAQM=
github.com/pmezard/go-difflib v1.0.0/go.mod h1:iKH77koFhYxTK1pcRnkKkqfTogsbg7gZNVY4sRDYZ/4=
github.com/rogpeppe/go-internal v1.9.0/go.mod h1:WtVeX8xhTBvf0smdhujwtBcq4Qrzq/fJaraNFVN+nFs=
github.com/rogpeppe/go-internal v1.14.1 h1:UQB4HGPB6osV0SQTLymcB4TgvyWu6ZyliaW0tI/otEQ=
github.com/rogpeppe/go-internal v1.14.1/go.mod h1:MaRKkUm5W0goXpeCfT7UZI6fk/L7L7so1lCWt35ZSgc=
github.com/stretchr/testify v1.11.1 h1:7s2iGBzp5EwR7/aIZr8ao5+dra3wiQyKjjFuvgVKu7U=
github.com/stretchr/testify v1.11.1/go.mod h1:wZwfW3scLgRK+23gO65QZefKpKQRnfz6sD981Nm4B6U=
github.com/tmccombs/hcl2json v0.6.4 h1:/FWnzS9JCuyZ4MNwrG4vMrFrzRgsWEOVi+1AyYUVLGw=
github.com/tmccombs/hcl2json v0.6.4/go.mod h1:+ppKlIW3H5nsAsZddXPy2iMyvld3SHxyjswOZhavRDk=
github.com/ulikunitz/xz v0.5.10 h1:t92gobL9l3HE202wg3rlk19F6X+JOxl9BBrCCMYEYd8=
github.com/ulikunitz/xz v0.5.10/go.mod h1:nbz6k7qbPmH4IRqmfOplQw/tblSgqTqBwxkY0oWt/14=
github.com/zclconf/go-cty v1.15.0 h1:tTCRWxsexYUmtt/wVxgDClUe+uQusuI443uL6e+5sXQ=
github.com/zclconf/go-cty v1.15.0/go.mod h1:VvMs5i0vgZdhYawQNq5kePSpLAoz8u1xvZgrPIxfnZE=
github.com/zclconf/go-cty-debug v0.0.0-20240509010212-0d6042c53940 h1:4r45xpDWB6ZMSMNJFMOjqrGHynW3DIBuR2H9j0ug+Mo=
github.com/zclconf/go-cty-debug v0.0.0-20240509010212-0d6042c53940/go.mod h1:CmBdvvj3nqzfzJ6nTCIwDTPZ56aVGvDrmztiO5g3qrM=
golang.org/x/crypto v0.50.0 h1:zO47/JPrL6vsNkINmLoo/PH1gcxpls50DNogFvB5ZGI=
golang.org/x/crypto v0.50.0/go.mod h1:3muZ7vA7PBCE6xgPX7nkzzjiUq87kRItoJQM1Yo8S+Q=
golang.org/x/mod v0.34.0 h1:xIHgNUUnW6sYkcM5Jleh05DvLOtwc6RitGHbDk4akRI=
golang.org/x/mod v0.34.0/go.mod h1:ykgH52iCZe79kzLLMhyCUzhMci+nQj+0XkbXpNYtVjY=
golang.org/x/net v0.53.0 h1:d+qAbo5L0orcWAr0a9JweQpjXF19LMXJE8Ey7hwOdUA=
golang.org/x/net v0.53.0/go.mod h1:JvMuJH7rrdiCfbeHoo3fCQU24Lf5JJwT9W3sJFulfgs=
golang.org/x/oauth2 v0.27.0 h1:da9Vo7/tDv5RH/7nZDz1eMGS/q1Vv1N/7FCrBhI9I3M=
golang.org/x/oauth2 v0.27.0/go.mod h1:onh5ek6nERTohokkhCD/y2cV4Do3fxFHFuAejCkRWT8=
golang.org/x/sync v0.20.0 h1:e0PTpb7pjO8GAtTs2dQ6jYa5BWYlMuX047Dco/pItO4=
golang.org/x/sync v0.20.0/go.mod h1:9xrNwdLfx4jkKbNva9FpL6vEN7evnE43NNNJQ2LF3+0=
golang.org/x/sys v0.43.0 h1:Rlag2XtaFTxp19wS8MXlJwTvoh8ArU6ezoyFsMyCTNI=
golang.org/x/sys v0.43.0/go.mod h1:4GL1E5IUh+htKOUEOaiffhrAeqysfVGipDYzABqnCmw=
golang.org/x/term v0.42.0 h1:UiKe+zDFmJobeJ5ggPwOshJIVt6/Ft0rcfrXZDLWAWY=
golang.org/x/term v0.42.0/go.mod h1:Dq/D+snpsbazcBG5+F9Q1n2rXV8Ma+71xEjTRufARgY=
golang.org/x/text v0.36.0 h1:JfKh3XmcRPqZPKevfXVpI1wXPTqbkE5f7JA92a55Yxg=
golang.org/x/text v0.36.0/go.mod h1:NIdBknypM8iqVmPiuco0Dh6P5Jcdk8lJL0CUebqK164=
golang.org/x/tools v0.43.0 h1:12BdW9CeB3Z+J/I/wj34VMl8X+fEXBxVR90JeMX5E7s=
golang.org/x/tools v0.43.0/go.mod h1:uHkMso649BX2cZK6+RpuIPXS3ho2hZo4FVwfoy1vIk0=
gopkg.in/check.v1 v0.0.0-20161208181325-20d25e280405/go.mod h1:Co6ibVJAznAaIkqp8huTwlJQCZ016jof/cbN4VW5Yz0=
gopkg.in/check.v1 v1.0.0-20201130134442-10cb98267c6c h1:Hei/4ADfdWqJk1ZMxUNpqntNwaWcugrBjAiHlqqRiVk=
gopkg.in/check.v1 v1.0.0-20201130134442-10cb98267c6c/go.mod h1:JHkPIbrfpd72SG/EVd6muEfDQjcINNoR0C8j2r3qZ4Q=
gopkg.in/yaml.v3 v3.0.1 h1:fxVm/GzAzEWqLHuvctI91KS9hhNmmWOoWu0XTYJS7CA=
gopkg.in/yaml.v3 v3.0.1/go.mod h1:K4uyk7z7BCEPqu6E+C64Yfv1cQ7kz7rIZviUmN+EgEM=
